// !$*UTF8*$!
{
	archiveVersion = 1;
	classes = {
	};
	objectVersion = 56;
	objects = {

/* Begin PBXBuildFile section */
		EB0639BF2A0274F7005AC3DC /* AppDelegate.swift in Sources */ = {isa = PBXBuildFile; fileRef = EB0639BE2A0274F7005AC3DC /* AppDelegate.swift */; };
		EB0639C12A0274F7005AC3DC /* GameScene.sks in Resources */ = {isa = PBXBuildFile; fileRef = EB0639C02A0274F7005AC3DC /* GameScene.sks */; };
		EB0639C32A0274F7005AC3DC /* Actions.sks in Resources */ = {isa = PBXBuildFile; fileRef = EB0639C22A0274F7005AC3DC /* Actions.sks */; };
		EB0639C52A0274F7005AC3DC /* GameScene.swift in Sources */ = {isa = PBXBuildFile; fileRef = EB0639C42A0274F7005AC3DC /* GameScene.swift */; };
		EB0639C72A0274F7005AC3DC /* GameViewController.swift in Sources */ = {isa = PBXBuildFile; fileRef = EB0639C62A0274F7005AC3DC /* GameViewController.swift */; };
		EB0639CA2A0274F7005AC3DC /* Main.storyboard in Resources */ = {isa = PBXBuildFile; fileRef = EB0639C82A0274F7005AC3DC /* Main.storyboard */; };
		EB0639CC2A0274F8005AC3DC /* Assets.xcassets in Resources */ = {isa = PBXBuildFile; fileRef = EB0639CB2A0274F8005AC3DC /* Assets.xcassets */; };
		EB0639CF2A0274F8005AC3DC /* LaunchScreen.storyboard in Resources */ = {isa = PBXBuildFile; fileRef = EB0639CD2A0274F8005AC3DC /* LaunchScreen.storyboard */; };
/* End PBXBuildFile section */

/* Begin PBXFileReference section */
		EB0639BB2A0274F7005AC3DC /* Sweetie Bonanza Adventure.app */ = {isa = PBXFileReference; explicitFileType = wrapper.application; includeInIndex = 0; path = "Sweetie Bonanza Adventure.app"; sourceTree = BUILT_PRODUCTS_DIR; };
		EB0639BE2A0274F7005AC3DC /* AppDelegate.swift */ = {isa = PBXFileReference; lastKnownFileType = sourcecode.swift; path = AppDelegate.swift; sourceTree = "<group>"; };
		EB0639C02A0274F7005AC3DC /* GameScene.sks */ = {isa = PBXFileReference; lastKnownFileType = file.sks; path = GameScene.sks; sourceTree = "<group>"; };
		EB0639C22A0274F7005AC3DC /* Actions.sks */ = {isa = PBXFileReference; lastKnownFileType = file.sks; path = Actions.sks; sourceTree = "<group>"; };
		EB0639C42A0274F7005AC3DC /* GameScene.swift */ = {isa = PBXFileReference; lastKnownFileType = sourcecode.swift; path = GameScene.swift; sourceTree = "<group>"; };
		EB0639C62A0274F7005AC3DC /* GameViewController.swift */ = {isa = PBXFileReference; lastKnownFileType = sourcecode.swift; path = GameViewController.swift; sourceTree = "<group>"; };
		EB0639C92A0274F7005AC3DC /* Base */ = {isa = PBXFileReference; lastKnownFileType = file.storyboard; name = Base; path = Base.lproj/Main.storyboard; sourceTree = "<group>"; };
		EB0639CB2A0274F8005AC3DC /* Assets.xcassets */ = {isa = PBXFileReference; lastKnownFileType = folder.assetcatalog; path = Assets.xcassets; sourceTree = "<group>"; };
		EB0639CE2A0274F8005AC3DC /* Base */ = {isa = PBXFileReference; lastKnownFileType = file.storyboard; name = Base; path = Base.lproj/LaunchScreen.storyboard; sourceTree = "<group>"; };
/* End PBXFileReference section */

/* Begin PBXFrameworksBuildPhase section */
		EB0639B82A0274F7005AC3DC /* Frameworks */ = {
			isa = PBXFrameworksBuildPhase;
			buildActionMask = 2147483647;
			files = (
			);
			runOnlyForDeploymentPostprocessing = 0;
		};
/* End PBXFrameworksBuildPhase section */

/* Begin PBXGroup section */
		EB0639B22A0274F7005AC3DC = {
			isa = PBXGroup;
			children = (
				EB0639BD2A0274F7005AC3DC /* Sweetie Bonanza Adventure */,
				EB0639BC2A0274F7005AC3DC /* Products */,
			);
			sourceTree = "<group>";
		};
		EB0639BC2A0274F7005AC3DC /* Products */ = {
			isa = PBXGroup;
			children = (
				EB0639BB2A0274F7005AC3DC /* Sweetie Bonanza Adventure.app */,
			);
			name = Products;
			sourceTree = "<group>";
		};
		EB0639BD2A0274F7005AC3DC /* Sweetie Bonanza Adventure */ = {
			isa = PBXGroup;
			children = (
				EB0639DA2A02754B005AC3DC /* Application */,
				EB0639D52A027515005AC3DC /* Sketch */,
				EB0639D82A027538005AC3DC /* Scenes */,
				EB0639D92A027540005AC3DC /* ViewControllers */,
				EB0639D62A027523005AC3DC /* Storyboards */,
				EB0639D72A02752D005AC3DC /* Resources */,
			);
			path = "Sweetie Bonanza Adventure";
			sourceTree = "<group>";
		};
		EB0639D52A027515005AC3DC /* Sketch */ = {
			isa = PBXGroup;
			children = (
				EB0639C02A0274F7005AC3DC /* GameScene.sks */,
				EB0639C22A0274F7005AC3DC /* Actions.sks */,
			);
			path = Sketch;
			sourceTree = "<group>";
		};
		EB0639D62A027523005AC3DC /* Storyboards */ = {
			isa = PBXGroup;
			children = (
				EB0639C82A0274F7005AC3DC /* Main.storyboard */,
				EB0639CD2A0274F8005AC3DC /* LaunchScreen.storyboard */,
			);
			path = Storyboards;
			sourceTree = "<group>";
		};
		EB0639D72A02752D005AC3DC /* Resources */ = {
			isa = PBXGroup;
			children = (
				EB0639CB2A0274F8005AC3DC /* Assets.xcassets */,
			);
			path = Resources;
			sourceTree = "<group>";
		};
		EB0639D82A027538005AC3DC /* Scenes */ = {
			isa = PBXGroup;
			children = (
				EB0639C42A0274F7005AC3DC /* GameScene.swift */,
			);
			path = Scenes;
			sourceTree = "<group>";
		};
		EB0639D92A027540005AC3DC /* ViewControllers */ = {
			isa = PBXGroup;
			children = (
				EB0639C62A0274F7005AC3DC /* GameViewController.swift */,
			);
			path = ViewControllers;
			sourceTree = "<group>";
		};
		EB0639DA2A02754B005AC3DC /* Application */ = {
			isa = PBXGroup;
			children = (
				EB0639BE2A0274F7005AC3DC /* AppDelegate.swift */,
			);
			path = Application;
			sourceTree = "<group>";
		};
/* End PBXGroup section */

/* Begin PBXNativeTarget section */
		EB0639BA2A0274F7005AC3DC /* Sweetie Bonanza Adventure */ = {
			isa = PBXNativeTarget;
			buildConfigurationList = EB0639D22A0274F8005AC3DC /* Build configuration list for PBXNativeTarget "Sweetie Bonanza Adventure" */;
			buildPhases = (
				EB0639B72A0274F7005AC3DC /* Sources */,
				EB0639B82A0274F7005AC3DC /* Frameworks */,
				EB0639B92A0274F7005AC3DC /* Resources */,
			);
			buildRules = (
			);
			dependencies = (
			);
			name = "Sweetie Bonanza Adventure";
			productName = "Sweetie Bonanza Adventure";
			productReference = EB0639BB2A0274F7005AC3DC /* Sweetie Bonanza Adventure.app */;
			productType = "com.apple.product-type.application";
		};
/* End PBXNativeTarget section */

/* Begin PBXProject section */
		EB0639B32A0274F7005AC3DC /* Project object */ = {
			isa = PBXProject;
			attributes = {
				BuildIndependentTargetsInParallel = 1;
				LastSwiftUpdateCheck = 1430;
				LastUpgradeCheck = 1430;
				TargetAttributes = {
					EB0639BA2A0274F7005AC3DC = {
						CreatedOnToolsVersion = 14.3;
					};
				};
			};
			buildConfigurationList = EB0639B62A0274F7005AC3DC /* Build configuration list for PBXProject "Sweetie Bonanza Adventure" */;
			compatibilityVersion = "Xcode 14.0";
			developmentRegion = en;
			hasScannedForEncodings = 0;
			knownRegions = (
				en,
				Base,
			);
			mainGroup = EB0639B22A0274F7005AC3DC;
			productRefGroup = EB0639BC2A0274F7005AC3DC /* Products */;
			projectDirPath = "";
			projectRoot = "";
			targets = (
				EB0639BA2A0274F7005AC3DC /* Sweetie Bonanza Adventure */,
			);
		};
/* End PBXProject section */

/* Begin PBXResourcesBuildPhase section */
		EB0639B92A0274F7005AC3DC /* Resources */ = {
			isa = PBXResourcesBuildPhase;
			buildActionMask = 2147483647;
			files = (
				EB0639CA2A0274F7005AC3DC /* Main.storyboard in Resources */,
				EB0639C12A0274F7005AC3DC /* GameScene.sks in Resources */,
				EB0639CC2A0274F8005AC3DC /* Assets.xcassets in Resources */,
				EB0639CF2A0274F8005AC3DC /* LaunchScreen.storyboard in Resources */,
				EB0639C32A0274F7005AC3DC /* Actions.sks in Resources */,
			);
			runOnlyForDeploymentPostprocessing = 0;
		};
/* End PBXResourcesBuildPhase section */

/* Begin PBXSourcesBuildPhase section */
		EB0639B72A0274F7005AC3DC /* Sources */ = {
			isa = PBXSourcesBuildPhase;
			buildActionMask = 2147483647;
			files = (
				EB0639C52A0274F7005AC3DC /* GameScene.swift in Sources */,
				EB0639C72A0274F7005AC3DC /* GameViewController.swift in Sources */,
				EB0639BF2A0274F7005AC3DC /* AppDelegate.swift in Sources */,
			);
			runOnlyForDeploymentPostprocessing = 0;
		};
/* End PBXSourcesBuildPhase section */

/* Begin PBXVariantGroup section */
		EB0639C82A0274F7005AC3DC /* Main.storyboard */ = {
			isa = PBXVariantGroup;
			children = (
				EB0639C92A0274F7005AC3DC /* Base */,
			);
			name = Main.storyboard;
			sourceTree = "<group>";
		};
		EB0639CD2A0274F8005AC3DC /* LaunchScreen.storyboard */ = {
			isa = PBXVariantGroup;
			children = (
				EB0639CE2A0274F8005AC3DC /* Base */,
			);
			name = LaunchScreen.storyboard;
			sourceTree = "<group>";
		};
/* End PBXVariantGroup section */

/* Begin XCBuildConfiguration section */
		EB0639D02A0274F8005AC3DC /* Debug */ = {
			isa = XCBuildConfiguration;
			buildSettings = {
				ALWAYS_SEARCH_USER_PATHS = NO;
				CLANG_ANALYZER_NONNULL = YES;
				CLANG_ANALYZER_NUMBER_OBJECT_CONVERSION = YES_AGGRESSIVE;
				CLANG_CXX_LANGUAGE_STANDARD = "gnu++20";
				CLANG_ENABLE_MODULES = YES;
				CLANG_ENABLE_OBJC_ARC = YES;
				CLANG_ENABLE_OBJC_WEAK = YES;
				CLANG_WARN_BLOCK_CAPTURE_AUTORELEASING = YES;
				CLANG_WARN_BOOL_CONVERSION = YES;
				CLANG_WARN_COMMA = YES;
				CLANG_WARN_CONSTANT_CONVERSION = YES;
				CLANG_WARN_DEPRECATED_OBJC_IMPLEMENTATIONS = YES;
				CLANG_WARN_DIRECT_OBJC_ISA_USAGE = YES_ERROR;
				CLANG_WARN_DOCUMENTATION_COMMENTS = YES;
				CLANG_WARN_EMPTY_BODY = YES;
				CLANG_WARN_ENUM_CONVERSION = YES;
				CLANG_WARN_INFINITE_RECURSION = YES;
				CLANG_WARN_INT_CONVERSION = YES;
				CLANG_WARN_NON_LITERAL_NULL_CONVERSION = YES;
				CLANG_WARN_OBJC_IMPLICIT_RETAIN_SELF = YES;
				CLANG_WARN_OBJC_LITERAL_CONVERSION = YES;
				CLANG_WARN_OBJC_ROOT_CLASS = YES_ERROR;
				CLANG_WARN_QUOTED_INCLUDE_IN_FRAMEWORK_HEADER = YES;
				CLANG_WARN_RANGE_LOOP_ANALYSIS = YES;
				CLANG_WARN_STRICT_PROTOTYPES = YES;
				CLANG_WARN_SUSPICIOUS_MOVE = YES;
				CLANG_WARN_UNGUARDED_AVAILABILITY = YES_AGGRESSIVE;
				CLANG_WARN_UNREACHABLE_CODE = YES;
				CLANG_WARN__DUPLICATE_METHOD_MATCH = YES;
				COPY_PHASE_STRIP = NO;
				DEBUG_INFORMATION_FORMAT = dwarf;
				ENABLE_STRICT_OBJC_MSGSEND = YES;
				ENABLE_TESTABILITY = YES;
				GCC_C_LANGUAGE_STANDARD = gnu11;
				GCC_DYNAMIC_NO_PIC = NO;
				GCC_NO_COMMON_BLOCKS = YES;
				GCC_OPTIMIZATION_LEVEL = 0;
				GCC_PREPROCESSOR_DEFINITIONS = (
					"DEBUG=1",
					"$(inherited)",
				);
				GCC_WARN_64_TO_32_BIT_CONVERSION = YES;
				GCC_WARN_ABOUT_RETURN_TYPE = YES_ERROR;
				GCC_WARN_UNDECLARED_SELECTOR = YES;
				GCC_WARN_UNINITIALIZED_AUTOS = YES_AGGRESSIVE;
				GCC_WARN_UNUSED_FUNCTION = YES;
				GCC_WARN_UNUSED_VARIABLE = YES;
				IPHONEOS_DEPLOYMENT_TARGET = 16.4;
				MTL_ENABLE_DEBUG_INFO = INCLUDE_SOURCE;
				MTL_FAST_MATH = YES;
				ONLY_ACTIVE_ARCH = YES;
				SDKROOT = iphoneos;
				SWIFT_ACTIVE_COMPILATION_CONDITIONS = DEBUG;
				SWIFT_OPTIMIZATION_LEVEL = "-Onone";
			};
			name = Debug;
		};
		EB0639D12A0274F8005AC3DC /* Release */ = {
			isa = XCBuildConfiguration;
			buildSettings = {
				ALWAYS_SEARCH_USER_PATHS = NO;
				CLANG_ANALYZER_NONNULL = YES;
				CLANG_ANALYZER_NUMBER_OBJECT_CONVERSION = YES_AGGRESSIVE;
				CLANG_CXX_LANGUAGE_STANDARD = "gnu++20";
				CLANG_ENABLE_MODULES = YES;
				CLANG_ENABLE_OBJC_ARC = YES;
				CLANG_ENABLE_OBJC_WEAK = YES;
				CLANG_WARN_BLOCK_CAPTURE_AUTORELEASING = YES;
				CLANG_WARN_BOOL_CONVERSION = YES;
				CLANG_WARN_COMMA = YES;
				CLANG_WARN_CONSTANT_CONVERSION = YES;
				CLANG_WARN_DEPRECATED_OBJC_IMPLEMENTATIONS = YES;
				CLANG_WARN_DIRECT_OBJC_ISA_USAGE = YES_ERROR;
				CLANG_WARN_DOCUMENTATION_COMMENTS = YES;
				CLANG_WARN_EMPTY_BODY = YES;
				CLANG_WARN_ENUM_CONVERSION = YES;
				CLANG_WARN_INFINITE_RECURSION = YES;
				CLANG_WARN_INT_CONVERSION = YES;
				CLANG_WARN_NON_LITERAL_NULL_CONVERSION = YES;
				CLANG_WARN_OBJC_IMPLICIT_RETAIN_SELF = YES;
				CLANG_WARN_OBJC_LITERAL_CONVERSION = YES;
				CLANG_WARN_OBJC_ROOT_CLASS = YES_ERROR;
				CLANG_WARN_QUOTED_INCLUDE_IN_FRAMEWORK_HEADER = YES;
				CLANG_WARN_RANGE_LOOP_ANALYSIS = YES;
				CLANG_WARN_STRICT_PROTOTYPES = YES;
				CLANG_WARN_SUSPICIOUS_MOVE = YES;
				CLANG_WARN_UNGUARDED_AVAILABILITY = YES_AGGRESSIVE;
				CLANG_WARN_UNREACHABLE_CODE = YES;
				CLANG_WARN__DUPLICATE_METHOD_MATCH = YES;
				COPY_PHASE_STRIP = NO;
				DEBUG_INFORMATION_FORMAT = "dwarf-with-dsym";
				ENABLE_NS_ASSERTIONS = NO;
				ENABLE_STRICT_OBJC_MSGSEND = YES;
				GCC_C_LANGUAGE_STANDARD = gnu11;
				GCC_NO_COMMON_BLOCKS = YES;
				GCC_WARN_64_TO_32_BIT_CONVERSION = YES;
				GCC_WARN_ABOUT_RETURN_TYPE = YES_ERROR;
				GCC_WARN_UNDECLARED_SELECTOR = YES;
				GCC_WARN_UNINITIALIZED_AUTOS = YES_AGGRESSIVE;
				GCC_WARN_UNUSED_FUNCTION = YES;
				GCC_WARN_UNUSED_VARIABLE = YES;
				IPHONEOS_DEPLOYMENT_TARGET = 16.4;
				MTL_ENABLE_DEBUG_INFO = NO;
				MTL_FAST_MATH = YES;
				SDKROOT = iphoneos;
				SWIFT_COMPILATION_MODE = wholemodule;
				SWIFT_OPTIMIZATION_LEVEL = "-O";
				VALIDATE_PRODUCT = YES;
			};
			name = Release;
		};
		EB0639D32A0274F8005AC3DC /* Debug */ = {
			isa = XCBuildConfiguration;
			buildSettings = {
				ASSETCATALOG_COMPILER_APPICON_NAME = AppIcon;
				ASSETCATALOG_COMPILER_GLOBAL_ACCENT_COLOR_NAME = AccentColor;
				CODE_SIGN_STYLE = Automatic;
				CURRENT_PROJECT_VERSION = 1;
				DEVELOPMENT_TEAM = N64BNPUBV4;
				GENERATE_INFOPLIST_FILE = YES;
				INFOPLIST_KEY_UIApplicationSupportsIndirectInputEvents = YES;
				INFOPLIST_KEY_UILaunchStoryboardName = LaunchScreen;
				INFOPLIST_KEY_UIMainStoryboardFile = Main;
				INFOPLIST_KEY_UIStatusBarHidden = YES;
				INFOPLIST_KEY_UISupportedInterfaceOrientations_iPad = "UIInterfaceOrientationPortrait UIInterfaceOrientationPortraitUpsideDown UIInterfaceOrientationLandscapeLeft UIInterfaceOrientationLandscapeRight";
				INFOPLIST_KEY_UISupportedInterfaceOrientations_iPhone = "UIInterfaceOrientationPortrait UIInterfaceOrientationLandscapeLeft UIInterfaceOrientationLandscapeRight";
				LD_RUNPATH_SEARCH_PATHS = (
					"$(inherited)",
					"@executable_path/Frameworks",
				);
				MARKETING_VERSION = 1.0;
				PRODUCT_BUNDLE_IDENTIFIER = "novex.Sweetie-Bonanza-Adventure";
				PRODUCT_NAME = "$(TARGET_NAME)";
				SWIFT_EMIT_LOC_STRINGS = YES;
				SWIFT_VERSION = 5.0;
				TARGETED_DEVICE_FAMILY = "1,2";
			};
			name = Debug;
		};
		EB0639D42A0274F8005AC3DC /* Release */ = {
			isa = XCBuildConfiguration;
			buildSettings = {
				ASSETCATALOG_COMPILER_APPICON_NAME = AppIcon;
				ASSETCATALOG_COMPILER_GLOBAL_ACCENT_COLOR_NAME = AccentColor;
				CODE_SIGN_STYLE = Automatic;
				CURRENT_PROJECT_VERSION = 1;
				DEVELOPMENT_TEAM = N64BNPUBV4;
				GENERATE_INFOPLIST_FILE = YES;
				INFOPLIST_KEY_UIApplicationSupportsIndirectInputEvents = YES;
				INFOPLIST_KEY_UILaunchStoryboardName = LaunchScreen;
				INFOPLIST_KEY_UIMainStoryboardFile = Main;
				INFOPLIST_KEY_UIStatusBarHidden = YES;
				INFOPLIST_KEY_UISupportedInterfaceOrientations_iPad = "UIInterfaceOrientationPortrait UIInterfaceOrientationPortraitUpsideDown UIInterfaceOrientationLandscapeLeft UIInterfaceOrientationLandscapeRight";
				INFOPLIST_KEY_UISupportedInterfaceOrientations_iPhone = "UIInterfaceOrientationPortrait UIInterfaceOrientationLandscapeLeft UIInterfaceOrientationLandscapeRight";
				LD_RUNPATH_SEARCH_PATHS = (
					"$(inherited)",
					"@executable_path/Frameworks",
				);
				MARKETING_VERSION = 1.0;
				PRODUCT_BUNDLE_IDENTIFIER = "novex.Sweetie-Bonanza-Adventure";
				PRODUCT_NAME = "$(TARGET_NAME)";
				SWIFT_EMIT_LOC_STRINGS = YES;
				SWIFT_VERSION = 5.0;
				TARGETED_DEVICE_FAMILY = "1,2";
			};
			name = Release;
		};
/* End XCBuildConfiguration section */

/* Begin XCConfigurationList section */
		EB0639B62A0274F7005AC3DC /* Build configuration list for PBXProject "Sweetie Bonanza Adventure" */ = {
			isa = XCConfigurationList;
			buildConfigurations = (
				EB0639D02A0274F8005AC3DC /* Debug */,
				EB0639D12A0274F8005AC3DC /* Release */,
			);
			defaultConfigurationIsVisible = 0;
			defaultConfigurationName = Release;
		};
		EB0639D22A0274F8005AC3DC /* Build configuration list for PBXNativeTarget "Sweetie Bonanza Adventure" */ = {
			isa = XCConfigurationList;
			buildConfigurations = (
				EB0639D32A0274F8005AC3DC /* Debug */,
				EB0639D42A0274F8005AC3DC /* Release */,
			);
			defaultConfigurationIsVisible = 0;
			defaultConfigurationName = Release;
		};
/* End XCConfigurationList section */
	};
	rootObject = EB0639B32A0274F7005AC3DC /* Project object */;
}
